
Microsoft Visual Studio Solution File, Format Version 12.00
# Visual Studio Version 16
VisualStudioVersion = 16.0.31321.278
MinimumVisualStudioVersion = 10.0.40219.1
Project("{9A19103F-16F7-4668-BE54-9A1E7A4F7556}") = "FireWood", "FireWood\FireWood.csproj", "{8B77469E-1E1F-484B-AED5-7B0D3D725587}"
EndProject
Project("{FAE04EC0-301F-11D3-BF4B-00C04F79EFBC}") = "FireWoodLibrary", "FireWoodLibrary\FireWoodLibrary.csproj", "{E2D0EE24-67B9-40A9-8FDE-568EB95C0EAD}"
EndProject
Project("{FAE04EC0-301F-11D3-BF4B-00C04F79EFBC}") = "FireWoodTest", "FireWoodTest\FireWoodTest.csproj", "{FA25F1BB-A657-4658-B483-A7EFC7CB41A5}"
EndProject
Global
	GlobalSection(SolutionConfigurationPlatforms) = preSolution
		Debug|Any CPU = Debug|Any CPU
		Release|Any CPU = Release|Any CPU
	EndGlobalSection
	GlobalSection(ProjectConfigurationPlatforms) = postSolution
		{8B77469E-1E1F-484B-AED5-7B0D3D725587}.Debug|Any CPU.ActiveCfg = Debug|Any CPU
		{8B77469E-1E1F-484B-AED5-7B0D3D725587}.Debug|Any CPU.Build.0 = Debug|Any CPU
		{8B77469E-1E1F-484B-AED5-7B0D3D725587}.Release|Any CPU.ActiveCfg = Release|Any CPU
		{8B77469E-1E1F-484B-AED5-7B0D3D725587}.Release|Any CPU.Build.0 = Release|Any CPU
		{E2D0EE24-67B9-40A9-8FDE-568EB95C0EAD}.Debug|Any CPU.ActiveCfg = Debug|Any CPU
		{E2D0EE24-67B9-40A9-8FDE-568EB95C0EAD}.Debug|Any CPU.Build.0 = Debug|Any CPU
		{E2D0EE24-67B9-40A9-8FDE-568EB95C0EAD}.Release|Any CPU.ActiveCfg = Release|Any CPU
		{E2D0EE24-67B9-40A9-8FDE-568EB95C0EAD}.Release|Any CPU.Build.0 = Release|Any CPU
		{FA25F1BB-A657-4658-B483-A7EFC7CB41A5}.Debug|Any CPU.ActiveCfg = Debug|Any CPU
		{FA25F1BB-A657-4658-B483-A7EFC7CB41A5}.Debug|Any CPU.Build.0 = Debug|Any CPU
		{FA25F1BB-A657-4658-B483-A7EFC7CB41A5}.Release|Any CPU.ActiveCfg = Release|Any CPU
		{FA25F1BB-A657-4658-B483-A7EFC7CB41A5}.Release|Any CPU.Build.0 = Release|Any CPU
	EndGlobalSection
	GlobalSection(SolutionProperties) = preSolution
		HideSolutionNode = FALSE
	EndGlobalSection
	GlobalSection(ExtensibilityGlobals) = postSolution
		SolutionGuid = {5946D341-1577-4F47-A604-A33F16DE0A12}
	EndGlobalSection
EndGlobal
